github.com/google/go-tpm v0.9.2-0.20240920144513-364d5f2f78b9 h1:+M1aX55KSWVy78gdUsxsqlApZ+p8j/ubS5EmNVFcyWM=
github.com/google/go-tpm v0.9.2-0.20240920144513-364d5f2f78b9/go.mod h1:h9jEsEECg7gtLis0upRBQU+GhYVH6jMjrFxI8u6bVUY=
golang.org/x/sys v0.15.0 h1:h48lPFYpsTvQJZF4EKyI4aLHaev3CxivZmv7yZig9pc=
golang.org/x/sys v0.15.0/go.mod h1:/VUhepiaJMQUp4+oa/7Zr1D23ma6VTLIYjOOTFZPUcA=
